
Microsoft Visual Studio Solution File, Format Version 12.00
# Visual Studio Version 17
VisualStudioVersion = 17.13.35931.197 d17.13
MinimumVisualStudioVersion = 10.0.40219.1
Project("{FAE04EC0-301F-11D3-BF4B-00C04F79EFBC}") = "ShellContentOrderBug", "ShellContentOrderBug\ShellContentOrderBug.csproj", "{9EFE9681-C2E5-4285-93FA-FE8881F3151A}"
EndProject
Global
	GlobalSection(SolutionConfigurationPlatforms) = preSolution
		Debug|Any CPU = Debug|Any CPU
		Release|Any CPU = Release|Any CPU
	EndGlobalSection
	GlobalSection(ProjectConfigurationPlatforms) = postSolution
		{9EFE9681-C2E5-4285-93FA-FE8881F3151A}.Debug|Any CPU.ActiveCfg = Debug|Any CPU
		{9EFE9681-C2E5-4285-93FA-FE8881F3151A}.Debug|Any CPU.Build.0 = Debug|Any CPU
		{9EFE9681-C2E5-4285-93FA-FE8881F3151A}.Debug|Any CPU.Deploy.0 = Debug|Any CPU
		{9EFE9681-C2E5-4285-93FA-FE8881F3151A}.Release|Any CPU.ActiveCfg = Release|Any CPU
		{9EFE9681-C2E5-4285-93FA-FE8881F3151A}.Release|Any CPU.Build.0 = Release|Any CPU
	EndGlobalSection
	GlobalSection(SolutionProperties) = preSolution
		HideSolutionNode = FALSE
	EndGlobalSection
	GlobalSection(ExtensibilityGlobals) = postSolution
		SolutionGuid = {DA971641-1E7C-4DC5-A80A-919938ABF470}
	EndGlobalSection
EndGlobal
